github.com/davecgh/go-spew v1.1.1 h1:vj9j/u1bqnvCEfJOwUhtlOARqs3+rkHYY13jYWTU97c=
github.com/davecgh/go-spew v1.1.1/go.mod h1:J7Y8YcW2NihsgmVo/mv3lAwl/skON4iLHjSsI+c5H38=
github.com/marwan-at-work/jsonschema v0.0.0-20181023194834-0680a0398165 h1:VKW5xASfSn9Ktz/WNnwWZU3EOF6wwHY7/u9FiSIFi/s=
github.com/marwan-at-work/jsonschema v0.0.0-20181023194834-0680a0398165/go.mod h1:qpebaTNSsyUn5rPSJMsfqEtDw71TTggXM6stUDI16HA=
github.com/pmezard/go-difflib v1.0.0 h1:4DBwDE0NGyQoBHbLQYPwSUPoCMWR5BEzIk/f1lZbAQM=
github.com/pmezard/go-difflib v1.0.0/go.mod h1:iKH77koFhYxTK1pcRnkKkqfTogsbg7gZNVY4sRDYZ/4=
github.com/stretchr/testify v1.2.2 h1:bSDNvY7ZPG5RlJ8otE/7V6gMiyenm9RtJ7IUVIAoJ1w=
github.com/stretchr/testify v1.2.2/go.mod h1:a8OnRcib4nhh0OaRAV+Yts87kKdq0PP7pXfy6kDkUVs=
marwan.io/jsonschema v0.0.0-20180308105923-f2c93856175a h1:FTykHiUVgZkL0cdTplzjoDZnizgAqEo6riN3R2VYwg0=
marwan.io/jsonschema v0.0.0-20180308105923-f2c93856175a/go.mod h1:qpebaTNSsyUn5rPSJMsfqEtDw71TTggXM6stUDI16HA=
marwan.io/jsonschema v0.0.0-20190110193509-59e6d6ae198b h1:fBvwSpX16uNYvSgB6Mzmn3vZ7RO224J1wYn+y7p8EsM=
marwan.io/jsonschema v0.0.0-20190110193509-59e6d6ae198b/go.mod h1:RlsHmLGAHVH8WvHW60QFQknIAaG7q0vt4ivUN5mFw0o=
